# This file is generated by running "yarn install" inside your project.
# Manual changes might be lost - proceed with caution!

__metadata:
  version: 6
  cacheKey: 8

"@solidity-parser/parser@npm:^0.17.0":
  version: 0.17.0
  resolution: "@solidity-parser/parser@npm:0.17.0"
  checksum: 2f47732c9a4f6b264ce6c8a0544bd5a0805f824d3c40a8a253e59d5dbe9a98163f55c06460232f57a6b389bb5235c18d0563f94425202ec2f859d88f2378e0ac
  languageName: node
  linkType: hard

"lru-cache@npm:^6.0.0":
  version: 6.0.0
  resolution: "lru-cache@npm:6.0.0"
  dependencies:
    yallist: ^4.0.0
  checksum: f97f499f898f23e4585742138a22f22526254fdba6d75d41a1c2526b3b6cc5747ef59c5612ba7375f42aca4f8461950e925ba08c991ead0651b4918b7c978297
  languageName: node
  linkType: hard

"prettier-plugin-solidity@npm:^1.3.1":
  version: 1.3.1
  resolution: "prettier-plugin-solidity@npm:1.3.1"
  dependencies:
    "@solidity-parser/parser": ^0.17.0
    semver: ^7.5.4
    solidity-comments-extractor: ^0.0.8
  peerDependencies:
    prettier: ">=2.3.0"
  checksum: 286bf3b5899d7fad66e49c78ebac164bacfbf419f874a932ed99e491d97d77e91fa03ca068197939d3696ba7991db9e5258390dd42dee8d2184fa8c2e11921e4
  languageName: node
  linkType: hard

"prettier@npm:^3.2.5":
  version: 3.2.5
  resolution: "prettier@npm:3.2.5"
  bin:
    prettier: bin/prettier.cjs
  checksum: 2ee4e1417572372afb7a13bb446b34f20f1bf1747db77cf6ccaf57a9be005f2f15c40f903d41a6b79eec3f57fff14d32a20fb6dee1f126da48908926fe43c311
  languageName: node
  linkType: hard

"root-workspace-0b6124@workspace:.":
  version: 0.0.0-use.local
  resolution: "root-workspace-0b6124@workspace:."
  dependencies:
    prettier: ^3.2.5
    prettier-plugin-solidity: ^1.3.1
  languageName: unknown
  linkType: soft

"semver@npm:^7.5.4":
  version: 7.6.0
  resolution: "semver@npm:7.6.0"
  dependencies:
    lru-cache: ^6.0.0
  bin:
    semver: bin/semver.js
  checksum: 7427f05b70786c696640edc29fdd4bc33b2acf3bbe1740b955029044f80575fc664e1a512e4113c3af21e767154a94b4aa214bf6cd6e42a1f6dba5914e0b208c
  languageName: node
  linkType: hard

"solidity-comments-extractor@npm:^0.0.8":
  version: 0.0.8
  resolution: "solidity-comments-extractor@npm:0.0.8"
  checksum: ad025fc968e2d744b4270710c2f7f55b43d8046ab3f155fd880a7768d6fd163a93ea98f62be3b1115a29ba815bd8b5736bb5ffd1feff79083eca1bf273108d07
  languageName: node
  linkType: hard

"yallist@npm:^4.0.0":
  version: 4.0.0
  resolution: "yallist@npm:4.0.0"
  checksum: 343617202af32df2a15a3be36a5a8c0c8545208f3d3dfbc6bb7c3e3b7e8c6f8e7485432e4f3b88da3031a6e20afa7c711eded32ddfb122896ac5d914e75848d5
  languageName: node
  linkType: hard
