# This file is generated by running "yarn install" inside your project.
# Manual changes might be lost - proceed with caution!

__metadata:
  version: 8
  cacheKey: 10

"@solidity-parser/parser@npm:^0.17.0":
  version: 0.17.0
  resolution: "@solidity-parser/parser@npm:0.17.0"
  checksum: 10/76de7d1268de676c101b9a41576c324c0d0b9699e3ba3d846b5e580d6cae454fd7ec088011c316ce18af1b23a1482da88768d30f0e41becfd9da90f692fb9a65
  languageName: node
  linkType: hard

"lru-cache@npm:^6.0.0":
  version: 6.0.0
  resolution: "lru-cache@npm:6.0.0"
  dependencies:
    yallist: "npm:^4.0.0"
  checksum: 10/fc1fe2ee205f7c8855fa0f34c1ab0bcf14b6229e35579ec1fd1079f31d6fc8ef8eb6fd17f2f4d99788d7e339f50e047555551ebd5e434dda503696e7c6591825
  languageName: node
  linkType: hard

"prettier-plugin-solidity@npm:^1.3.1":
  version: 1.3.1
  resolution: "prettier-plugin-solidity@npm:1.3.1"
  dependencies:
    "@solidity-parser/parser": "npm:^0.17.0"
    semver: "npm:^7.5.4"
    solidity-comments-extractor: "npm:^0.0.8"
  peerDependencies:
    prettier: ">=2.3.0"
  checksum: 10/45c1bf16ca960e43e8dc518db95a9eecfce941480e2737272ab259ea9dcb9796a7830a8884de21637f286f80f06d4b4163418d4d55e41347aee96ee93bc4e8f0
  languageName: node
  linkType: hard

"prettier@npm:^3.2.5":
  version: 3.2.5
  resolution: "prettier@npm:3.2.5"
  bin:
    prettier: bin/prettier.cjs
  checksum: 10/d509f9da0b70e8cacc561a1911c0d99ec75117faed27b95cc8534cb2349667dee6351b0ca83fa9d5703f14127faa52b798de40f5705f02d843da133fc3aa416a
  languageName: node
  linkType: hard

"root-workspace-0b6124@workspace:.":
  version: 0.0.0-use.local
  resolution: "root-workspace-0b6124@workspace:."
  dependencies:
    prettier: "npm:^3.2.5"
    prettier-plugin-solidity: "npm:^1.3.1"
    solhint-plugin-baofinance: "file:scripts/solhint-custom"
  languageName: unknown
  linkType: soft

"semver@npm:^7.5.4":
  version: 7.6.0
  resolution: "semver@npm:7.6.0"
  dependencies:
    lru-cache: "npm:^6.0.0"
  bin:
    semver: bin/semver.js
  checksum: 10/1b41018df2d8aca5a1db4729985e8e20428c650daea60fcd16e926e9383217d00f574fab92d79612771884a98d2ee2a1973f49d630829a8d54d6570defe62535
  languageName: node
  linkType: hard

"solhint-plugin-baofinance@file:scripts/solhint-custom::locator=root-workspace-0b6124%40workspace%3A.":
  version: 0.0.0
  resolution: "solhint-plugin-baofinance@file:scripts/solhint-custom#scripts/solhint-custom::hash=4e901e&locator=root-workspace-0b6124%40workspace%3A."
  checksum: 10/5b8836d7c1e2bae32157a8c15532a037292d0e5c7ccf91632c35edeab6e4156c05be6381f4f1ac39b402b18b40ef19446adb8db38bfe0888b7100c5aa3d5da4a
  languageName: node
  linkType: hard

"solidity-comments-extractor@npm:^0.0.8":
  version: 0.0.8
  resolution: "solidity-comments-extractor@npm:0.0.8"
  checksum: 10/615d53c2e8f5e7a1ad26e4e7e3bdc8b7c7885420611fcd690864bb54a9af2813a93cf30bdede16273791bda16eebc7a4ce1379d458ac2d7834074eb4936dea70
  languageName: node
  linkType: hard

"yallist@npm:^4.0.0":
  version: 4.0.0
  resolution: "yallist@npm:4.0.0"
  checksum: 10/4cb02b42b8a93b5cf50caf5d8e9beb409400a8a4d85e83bb0685c1457e9ac0b7a00819e9f5991ac25ffabb56a78e2f017c1acc010b3a1babfe6de690ba531abd
  languageName: node
  linkType: hard
